
Microsoft Visual Studio Solution File, Format Version 12.00
# Visual Studio 15
VisualStudioVersion = 15.0.27703.2042
MinimumVisualStudioVersion = 10.0.40219.1
Project("{FAE04EC0-301F-11D3-BF4B-00C04F79EFBC}") = "CodeStart.SyntaxHighlight", "CodeStart.SyntaxHighlight\CodeStart.SyntaxHighlight.csproj", "{23BA20F0-E2C1-40EF-A312-940F68DA397E}"
EndProject
Project("{FAE04EC0-301F-11D3-BF4B-00C04F79EFBC}") = "CodeStart.SyntaxHighlight.Tests", "CodeStart.SyntaxHighlight.Tests\CodeStart.SyntaxHighlight.Tests.csproj", "{FCDBE494-D7B5-4F0B-9CEA-02F88A3D61D2}"
EndProject
Global
	GlobalSection(SolutionConfigurationPlatforms) = preSolution
		Debug|Any CPU = Debug|Any CPU
		Release|Any CPU = Release|Any CPU
	EndGlobalSection
	GlobalSection(ProjectConfigurationPlatforms) = postSolution
		{23BA20F0-E2C1-40EF-A312-940F68DA397E}.Debug|Any CPU.ActiveCfg = Debug|Any CPU
		{23BA20F0-E2C1-40EF-A312-940F68DA397E}.Debug|Any CPU.Build.0 = Debug|Any CPU
		{23BA20F0-E2C1-40EF-A312-940F68DA397E}.Release|Any CPU.ActiveCfg = Release|Any CPU
		{23BA20F0-E2C1-40EF-A312-940F68DA397E}.Release|Any CPU.Build.0 = Release|Any CPU
		{FCDBE494-D7B5-4F0B-9CEA-02F88A3D61D2}.Debug|Any CPU.ActiveCfg = Debug|Any CPU
		{FCDBE494-D7B5-4F0B-9CEA-02F88A3D61D2}.Debug|Any CPU.Build.0 = Debug|Any CPU
		{FCDBE494-D7B5-4F0B-9CEA-02F88A3D61D2}.Release|Any CPU.ActiveCfg = Release|Any CPU
		{FCDBE494-D7B5-4F0B-9CEA-02F88A3D61D2}.Release|Any CPU.Build.0 = Release|Any CPU
	EndGlobalSection
	GlobalSection(SolutionProperties) = preSolution
		HideSolutionNode = FALSE
	EndGlobalSection
	GlobalSection(ExtensibilityGlobals) = postSolution
		SolutionGuid = {572F4787-AD48-4397-8C67-2874F818145B}
	EndGlobalSection
EndGlobal
